
Microsoft Visual Studio Solution File, Format Version 12.00
# Visual Studio Version 17
VisualStudioVersion = 17.12.35527.113
MinimumVisualStudioVersion = 10.0.40219.1
Project("{FAE04EC0-301F-11D3-BF4B-00C04F79EFBC}") = "ShortTermRental", "ShortTermRental\ShortTermRental.csproj", "{A16DE021-683C-4175-9C20-5E2BB744C757}"
EndProject
Project("{FAE04EC0-301F-11D3-BF4B-00C04F79EFBC}") = "ShortTermRental.tests", "ShortTermRental.tests\ShortTermRental.tests.csproj", "{47E5FB14-85D9-468C-8C39-75FE32F908B2}"
EndProject
Global
	GlobalSection(SolutionConfigurationPlatforms) = preSolution
		Debug|Any CPU = Debug|Any CPU
		Release|Any CPU = Release|Any CPU
	EndGlobalSection
	GlobalSection(ProjectConfigurationPlatforms) = postSolution
		{A16DE021-683C-4175-9C20-5E2BB744C757}.Debug|Any CPU.ActiveCfg = Debug|Any CPU
		{A16DE021-683C-4175-9C20-5E2BB744C757}.Debug|Any CPU.Build.0 = Debug|Any CPU
		{A16DE021-683C-4175-9C20-5E2BB744C757}.Release|Any CPU.ActiveCfg = Release|Any CPU
		{A16DE021-683C-4175-9C20-5E2BB744C757}.Release|Any CPU.Build.0 = Release|Any CPU
		{47E5FB14-85D9-468C-8C39-75FE32F908B2}.Debug|Any CPU.ActiveCfg = Debug|Any CPU
		{47E5FB14-85D9-468C-8C39-75FE32F908B2}.Debug|Any CPU.Build.0 = Debug|Any CPU
		{47E5FB14-85D9-468C-8C39-75FE32F908B2}.Release|Any CPU.ActiveCfg = Release|Any CPU
		{47E5FB14-85D9-468C-8C39-75FE32F908B2}.Release|Any CPU.Build.0 = Release|Any CPU
	EndGlobalSection
	GlobalSection(SolutionProperties) = preSolution
		HideSolutionNode = FALSE
	EndGlobalSection
EndGlobal
